
Microsoft Visual Studio Solution File, Format Version 12.00
# Visual Studio 15
VisualStudioVersion = 15.0.26124.0
MinimumVisualStudioVersion = 15.0.26124.0
Project("{FAE04EC0-301F-11D3-BF4B-00C04F79EFBC}") = "BlabberApp.Client", "BlabberApp.Client\BlabberApp.Client.csproj", "{FA898D7D-FCC3-4734-A42C-C5B5543BAE12}"
EndProject
Project("{FAE04EC0-301F-11D3-BF4B-00C04F79EFBC}") = "BlabberApp.ClientTest", "BlabberApp.ClientTest\BlabberApp.ClientTest.csproj", "{5B2C5992-6BA3-4567-853D-97B37316B182}"
EndProject
Project("{FAE04EC0-301F-11D3-BF4B-00C04F79EFBC}") = "BlabberApp.Console", "BlabberApp.Console\BlabberApp.Console.csproj", "{6B7231BB-52D6-4476-853B-25B7C744C71A}"
EndProject
Project("{FAE04EC0-301F-11D3-BF4B-00C04F79EFBC}") = "BlabberApp.WebApi", "BlabberApp.WebApi\BlabberApp.WebApi.csproj", "{2E50E565-864C-41B2-9BA0-CAF9A7E887FE}"
EndProject
Project("{FAE04EC0-301F-11D3-BF4B-00C04F79EFBC}") = "BlabberApp.WebApiTest", "BlabberApp.WebApiTest\BlabberApp.WebApiTest.csproj", "{1F2CE5DA-61E0-48A0-AB11-99199A1A100C}"
EndProject
Project("{FAE04EC0-301F-11D3-BF4B-00C04F79EFBC}") = "BlabberApp.DataStore", "BlabberApp.DataStore\BlabberApp.DataStore.csproj", "{D0D58952-A489-469C-A129-D8154F97ACC0}"
EndProject
Project("{FAE04EC0-301F-11D3-BF4B-00C04F79EFBC}") = "BlabberApp.DataStoreTest", "BlabberApp.DataStoreTest\BlabberApp.DataStoreTest.csproj", "{57A54B36-F1DC-4AC4-B0D3-93CEF06FBC8A}"
EndProject
Project("{FAE04EC0-301F-11D3-BF4B-00C04F79EFBC}") = "BlabberApp.Domain", "BlabberApp.Domain\BlabberApp.Domain.csproj", "{7185BF5D-3540-4296-8DF7-8948C1C1FCC2}"
EndProject
Project("{FAE04EC0-301F-11D3-BF4B-00C04F79EFBC}") = "BlabberApp.DomainTest", "BlabberApp.DomainTest\BlabberApp.DomainTest.csproj", "{887CD7AD-A602-40C4-9535-1D2A2D55A8F9}"
EndProject
Global
	GlobalSection(SolutionConfigurationPlatforms) = preSolution
		Debug|Any CPU = Debug|Any CPU
		Debug|x64 = Debug|x64
		Debug|x86 = Debug|x86
		Release|Any CPU = Release|Any CPU
		Release|x64 = Release|x64
		Release|x86 = Release|x86
	EndGlobalSection
	GlobalSection(SolutionProperties) = preSolution
		HideSolutionNode = FALSE
	EndGlobalSection
	GlobalSection(ProjectConfigurationPlatforms) = postSolution
		{FA898D7D-FCC3-4734-A42C-C5B5543BAE12}.Debug|Any CPU.ActiveCfg = Debug|Any CPU
		{FA898D7D-FCC3-4734-A42C-C5B5543BAE12}.Debug|Any CPU.Build.0 = Debug|Any CPU
		{FA898D7D-FCC3-4734-A42C-C5B5543BAE12}.Debug|x64.ActiveCfg = Debug|Any CPU
		{FA898D7D-FCC3-4734-A42C-C5B5543BAE12}.Debug|x64.Build.0 = Debug|Any CPU
		{FA898D7D-FCC3-4734-A42C-C5B5543BAE12}.Debug|x86.ActiveCfg = Debug|Any CPU
		{FA898D7D-FCC3-4734-A42C-C5B5543BAE12}.Debug|x86.Build.0 = Debug|Any CPU
		{FA898D7D-FCC3-4734-A42C-C5B5543BAE12}.Release|Any CPU.ActiveCfg = Release|Any CPU
		{FA898D7D-FCC3-4734-A42C-C5B5543BAE12}.Release|Any CPU.Build.0 = Release|Any CPU
		{FA898D7D-FCC3-4734-A42C-C5B5543BAE12}.Release|x64.ActiveCfg = Release|Any CPU
		{FA898D7D-FCC3-4734-A42C-C5B5543BAE12}.Release|x64.Build.0 = Release|Any CPU
		{FA898D7D-FCC3-4734-A42C-C5B5543BAE12}.Release|x86.ActiveCfg = Release|Any CPU
		{FA898D7D-FCC3-4734-A42C-C5B5543BAE12}.Release|x86.Build.0 = Release|Any CPU
		{5B2C5992-6BA3-4567-853D-97B37316B182}.Debug|Any CPU.ActiveCfg = Debug|Any CPU
		{5B2C5992-6BA3-4567-853D-97B37316B182}.Debug|Any CPU.Build.0 = Debug|Any CPU
		{5B2C5992-6BA3-4567-853D-97B37316B182}.Debug|x64.ActiveCfg = Debug|Any CPU
		{5B2C5992-6BA3-4567-853D-97B37316B182}.Debug|x64.Build.0 = Debug|Any CPU
		{5B2C5992-6BA3-4567-853D-97B37316B182}.Debug|x86.ActiveCfg = Debug|Any CPU
		{5B2C5992-6BA3-4567-853D-97B37316B182}.Debug|x86.Build.0 = Debug|Any CPU
		{5B2C5992-6BA3-4567-853D-97B37316B182}.Release|Any CPU.ActiveCfg = Release|Any CPU
		{5B2C5992-6BA3-4567-853D-97B37316B182}.Release|Any CPU.Build.0 = Release|Any CPU
		{5B2C5992-6BA3-4567-853D-97B37316B182}.Release|x64.ActiveCfg = Release|Any CPU
		{5B2C5992-6BA3-4567-853D-97B37316B182}.Release|x64.Build.0 = Release|Any CPU
		{5B2C5992-6BA3-4567-853D-97B37316B182}.Release|x86.ActiveCfg = Release|Any CPU
		{5B2C5992-6BA3-4567-853D-97B37316B182}.Release|x86.Build.0 = Release|Any CPU
		{6B7231BB-52D6-4476-853B-25B7C744C71A}.Debug|Any CPU.ActiveCfg = Debug|Any CPU
		{6B7231BB-52D6-4476-853B-25B7C744C71A}.Debug|Any CPU.Build.0 = Debug|Any CPU
		{6B7231BB-52D6-4476-853B-25B7C744C71A}.Debug|x64.ActiveCfg = Debug|Any CPU
		{6B7231BB-52D6-4476-853B-25B7C744C71A}.Debug|x64.Build.0 = Debug|Any CPU
		{6B7231BB-52D6-4476-853B-25B7C744C71A}.Debug|x86.ActiveCfg = Debug|Any CPU
		{6B7231BB-52D6-4476-853B-25B7C744C71A}.Debug|x86.Build.0 = Debug|Any CPU
		{6B7231BB-52D6-4476-853B-25B7C744C71A}.Release|Any CPU.ActiveCfg = Release|Any CPU
		{6B7231BB-52D6-4476-853B-25B7C744C71A}.Release|Any CPU.Build.0 = Release|Any CPU
		{6B7231BB-52D6-4476-853B-25B7C744C71A}.Release|x64.ActiveCfg = Release|Any CPU
		{6B7231BB-52D6-4476-853B-25B7C744C71A}.Release|x64.Build.0 = Release|Any CPU
		{6B7231BB-52D6-4476-853B-25B7C744C71A}.Release|x86.ActiveCfg = Release|Any CPU
		{6B7231BB-52D6-4476-853B-25B7C744C71A}.Release|x86.Build.0 = Release|Any CPU
		{2E50E565-864C-41B2-9BA0-CAF9A7E887FE}.Debug|Any CPU.ActiveCfg = Debug|Any CPU
		{2E50E565-864C-41B2-9BA0-CAF9A7E887FE}.Debug|Any CPU.Build.0 = Debug|Any CPU
		{2E50E565-864C-41B2-9BA0-CAF9A7E887FE}.Debug|x64.ActiveCfg = Debug|Any CPU
		{2E50E565-864C-41B2-9BA0-CAF9A7E887FE}.Debug|x64.Build.0 = Debug|Any CPU
		{2E50E565-864C-41B2-9BA0-CAF9A7E887FE}.Debug|x86.ActiveCfg = Debug|Any CPU
		{2E50E565-864C-41B2-9BA0-CAF9A7E887FE}.Debug|x86.Build.0 = Debug|Any CPU
		{2E50E565-864C-41B2-9BA0-CAF9A7E887FE}.Release|Any CPU.ActiveCfg = Release|Any CPU
		{2E50E565-864C-41B2-9BA0-CAF9A7E887FE}.Release|Any CPU.Build.0 = Release|Any CPU
		{2E50E565-864C-41B2-9BA0-CAF9A7E887FE}.Release|x64.ActiveCfg = Release|Any CPU
		{2E50E565-864C-41B2-9BA0-CAF9A7E887FE}.Release|x64.Build.0 = Release|Any CPU
		{2E50E565-864C-41B2-9BA0-CAF9A7E887FE}.Release|x86.ActiveCfg = Release|Any CPU
		{2E50E565-864C-41B2-9BA0-CAF9A7E887FE}.Release|x86.Build.0 = Release|Any CPU
		{1F2CE5DA-61E0-48A0-AB11-99199A1A100C}.Debug|Any CPU.ActiveCfg = Debug|Any CPU
		{1F2CE5DA-61E0-48A0-AB11-99199A1A100C}.Debug|Any CPU.Build.0 = Debug|Any CPU
		{1F2CE5DA-61E0-48A0-AB11-99199A1A100C}.Debug|x64.ActiveCfg = Debug|Any CPU
		{1F2CE5DA-61E0-48A0-AB11-99199A1A100C}.Debug|x64.Build.0 = Debug|Any CPU
		{1F2CE5DA-61E0-48A0-AB11-99199A1A100C}.Debug|x86.ActiveCfg = Debug|Any CPU
		{1F2CE5DA-61E0-48A0-AB11-99199A1A100C}.Debug|x86.Build.0 = Debug|Any CPU
		{1F2CE5DA-61E0-48A0-AB11-99199A1A100C}.Release|Any CPU.ActiveCfg = Release|Any CPU
		{1F2CE5DA-61E0-48A0-AB11-99199A1A100C}.Release|Any CPU.Build.0 = Release|Any CPU
		{1F2CE5DA-61E0-48A0-AB11-99199A1A100C}.Release|x64.ActiveCfg = Release|Any CPU
		{1F2CE5DA-61E0-48A0-AB11-99199A1A100C}.Release|x64.Build.0 = Release|Any CPU
		{1F2CE5DA-61E0-48A0-AB11-99199A1A100C}.Release|x86.ActiveCfg = Release|Any CPU
		{1F2CE5DA-61E0-48A0-AB11-99199A1A100C}.Release|x86.Build.0 = Release|Any CPU
		{D0D58952-A489-469C-A129-D8154F97ACC0}.Debug|Any CPU.ActiveCfg = Debug|Any CPU
		{D0D58952-A489-469C-A129-D8154F97ACC0}.Debug|Any CPU.Build.0 = Debug|Any CPU
		{D0D58952-A489-469C-A129-D8154F97ACC0}.Debug|x64.ActiveCfg = Debug|Any CPU
		{D0D58952-A489-469C-A129-D8154F97ACC0}.Debug|x64.Build.0 = Debug|Any CPU
		{D0D58952-A489-469C-A129-D8154F97ACC0}.Debug|x86.ActiveCfg = Debug|Any CPU
		{D0D58952-A489-469C-A129-D8154F97ACC0}.Debug|x86.Build.0 = Debug|Any CPU
		{D0D58952-A489-469C-A129-D8154F97ACC0}.Release|Any CPU.ActiveCfg = Release|Any CPU
		{D0D58952-A489-469C-A129-D8154F97ACC0}.Release|Any CPU.Build.0 = Release|Any CPU
		{D0D58952-A489-469C-A129-D8154F97ACC0}.Release|x64.ActiveCfg = Release|Any CPU
		{D0D58952-A489-469C-A129-D8154F97ACC0}.Release|x64.Build.0 = Release|Any CPU
		{D0D58952-A489-469C-A129-D8154F97ACC0}.Release|x86.ActiveCfg = Release|Any CPU
		{D0D58952-A489-469C-A129-D8154F97ACC0}.Release|x86.Build.0 = Release|Any CPU
		{57A54B36-F1DC-4AC4-B0D3-93CEF06FBC8A}.Debug|Any CPU.ActiveCfg = Debug|Any CPU
		{57A54B36-F1DC-4AC4-B0D3-93CEF06FBC8A}.Debug|Any CPU.Build.0 = Debug|Any CPU
		{57A54B36-F1DC-4AC4-B0D3-93CEF06FBC8A}.Debug|x64.ActiveCfg = Debug|Any CPU
		{57A54B36-F1DC-4AC4-B0D3-93CEF06FBC8A}.Debug|x64.Build.0 = Debug|Any CPU
		{57A54B36-F1DC-4AC4-B0D3-93CEF06FBC8A}.Debug|x86.ActiveCfg = Debug|Any CPU
		{57A54B36-F1DC-4AC4-B0D3-93CEF06FBC8A}.Debug|x86.Build.0 = Debug|Any CPU
		{57A54B36-F1DC-4AC4-B0D3-93CEF06FBC8A}.Release|Any CPU.ActiveCfg = Release|Any CPU
		{57A54B36-F1DC-4AC4-B0D3-93CEF06FBC8A}.Release|Any CPU.Build.0 = Release|Any CPU
		{57A54B36-F1DC-4AC4-B0D3-93CEF06FBC8A}.Release|x64.ActiveCfg = Release|Any CPU
		{57A54B36-F1DC-4AC4-B0D3-93CEF06FBC8A}.Release|x64.Build.0 = Release|Any CPU
		{57A54B36-F1DC-4AC4-B0D3-93CEF06FBC8A}.Release|x86.ActiveCfg = Release|Any CPU
		{57A54B36-F1DC-4AC4-B0D3-93CEF06FBC8A}.Release|x86.Build.0 = Release|Any CPU
		{7185BF5D-3540-4296-8DF7-8948C1C1FCC2}.Debug|Any CPU.ActiveCfg = Debug|Any CPU
		{7185BF5D-3540-4296-8DF7-8948C1C1FCC2}.Debug|Any CPU.Build.0 = Debug|Any CPU
		{7185BF5D-3540-4296-8DF7-8948C1C1FCC2}.Debug|x64.ActiveCfg = Debug|Any CPU
		{7185BF5D-3540-4296-8DF7-8948C1C1FCC2}.Debug|x64.Build.0 = Debug|Any CPU
		{7185BF5D-3540-4296-8DF7-8948C1C1FCC2}.Debug|x86.ActiveCfg = Debug|Any CPU
		{7185BF5D-3540-4296-8DF7-8948C1C1FCC2}.Debug|x86.Build.0 = Debug|Any CPU
		{7185BF5D-3540-4296-8DF7-8948C1C1FCC2}.Release|Any CPU.ActiveCfg = Release|Any CPU
		{7185BF5D-3540-4296-8DF7-8948C1C1FCC2}.Release|Any CPU.Build.0 = Release|Any CPU
		{7185BF5D-3540-4296-8DF7-8948C1C1FCC2}.Release|x64.ActiveCfg = Release|Any CPU
		{7185BF5D-3540-4296-8DF7-8948C1C1FCC2}.Release|x64.Build.0 = Release|Any CPU
		{7185BF5D-3540-4296-8DF7-8948C1C1FCC2}.Release|x86.ActiveCfg = Release|Any CPU
		{7185BF5D-3540-4296-8DF7-8948C1C1FCC2}.Release|x86.Build.0 = Release|Any CPU
		{887CD7AD-A602-40C4-9535-1D2A2D55A8F9}.Debug|Any CPU.ActiveCfg = Debug|Any CPU
		{887CD7AD-A602-40C4-9535-1D2A2D55A8F9}.Debug|Any CPU.Build.0 = Debug|Any CPU
		{887CD7AD-A602-40C4-9535-1D2A2D55A8F9}.Debug|x64.ActiveCfg = Debug|Any CPU
		{887CD7AD-A602-40C4-9535-1D2A2D55A8F9}.Debug|x64.Build.0 = Debug|Any CPU
		{887CD7AD-A602-40C4-9535-1D2A2D55A8F9}.Debug|x86.ActiveCfg = Debug|Any CPU
		{887CD7AD-A602-40C4-9535-1D2A2D55A8F9}.Debug|x86.Build.0 = Debug|Any CPU
		{887CD7AD-A602-40C4-9535-1D2A2D55A8F9}.Release|Any CPU.ActiveCfg = Release|Any CPU
		{887CD7AD-A602-40C4-9535-1D2A2D55A8F9}.Release|Any CPU.Build.0 = Release|Any CPU
		{887CD7AD-A602-40C4-9535-1D2A2D55A8F9}.Release|x64.ActiveCfg = Release|Any CPU
		{887CD7AD-A602-40C4-9535-1D2A2D55A8F9}.Release|x64.Build.0 = Release|Any CPU
		{887CD7AD-A602-40C4-9535-1D2A2D55A8F9}.Release|x86.ActiveCfg = Release|Any CPU
		{887CD7AD-A602-40C4-9535-1D2A2D55A8F9}.Release|x86.Build.0 = Release|Any CPU
	EndGlobalSection
EndGlobal
